
Microsoft Visual Studio Solution File, Format Version 12.00
# Visual Studio Version 16
VisualStudioVersion = 16.0.32901.82
MinimumVisualStudioVersion = 10.0.40219.1
Project("{8BC9CEB8-8B4A-11D0-8D11-00A0C91BC942}") = "ConsoleFPS_Server", "ConsoleFPS_Server\ConsoleFPS_Server.vcxproj", "{9CC97070-B648-4799-AA39-BF1E98DAAAEE}"
EndProject
Global
	GlobalSection(SolutionConfigurationPlatforms) = preSolution
		Debug|x64 = Debug|x64
		Debug|x86 = Debug|x86
		Release|x64 = Release|x64
		Release|x86 = Release|x86
	EndGlobalSection
	GlobalSection(ProjectConfigurationPlatforms) = postSolution
		{9CC97070-B648-4799-AA39-BF1E98DAAAEE}.Debug|x64.ActiveCfg = Debug|x64
		{9CC97070-B648-4799-AA39-BF1E98DAAAEE}.Debug|x64.Build.0 = Debug|x64
		{9CC97070-B648-4799-AA39-BF1E98DAAAEE}.Debug|x86.ActiveCfg = Debug|Win32
		{9CC97070-B648-4799-AA39-BF1E98DAAAEE}.Debug|x86.Build.0 = Debug|Win32
		{9CC97070-B648-4799-AA39-BF1E98DAAAEE}.Release|x64.ActiveCfg = Release|x64
		{9CC97070-B648-4799-AA39-BF1E98DAAAEE}.Release|x64.Build.0 = Release|x64
		{9CC97070-B648-4799-AA39-BF1E98DAAAEE}.Release|x86.ActiveCfg = Release|Win32
		{9CC97070-B648-4799-AA39-BF1E98DAAAEE}.Release|x86.Build.0 = Release|Win32
	EndGlobalSection
	GlobalSection(SolutionProperties) = preSolution
		HideSolutionNode = FALSE
	EndGlobalSection
	GlobalSection(ExtensibilityGlobals) = postSolution
		SolutionGuid = {03E54B86-A5C3-41A3-B010-4BB9A80893DE}
	EndGlobalSection
EndGlobal
